// !$*UTF8*$!
{
	archiveVersion = 1;
	classes = {
	};
	objectVersion = 46;
	objects = {

/* Begin PBXBuildFile section */
		9BED843A1E3DD86B007D19A6 /* main.swift in Sources */ = {isa = PBXBuildFile; fileRef = 9BED84391E3DD86B007D19A6 /* main.swift */; };
		9BED84411E3DD8CC007D19A6 /* ConsoleIO.swift in Sources */ = {isa = PBXBuildFile; fileRef = 9BED84401E3DD8CC007D19A6 /* ConsoleIO.swift */; };
		9BED84431E3DD9FB007D19A6 /* Panagram.swift in Sources */ = {isa = PBXBuildFile; fileRef = 9BED84421E3DD9FB007D19A6 /* Panagram.swift */; };
		9BED84451E3DDF52007D19A6 /* StringExtension.swift in Sources */ = {isa = PBXBuildFile; fileRef = 9BED84441E3DDF52007D19A6 /* StringExtension.swift */; };
/* End PBXBuildFile section */

/* Begin PBXCopyFilesBuildPhase section */
		9BED84341E3DD86B007D19A6 /* CopyFiles */ = {
			isa = PBXCopyFilesBuildPhase;
			buildActionMask = 2147483647;
			dstPath = /usr/share/man/man1/;
			dstSubfolderSpec = 0;
			files = (
			);
			runOnlyForDeploymentPostprocessing = 1;
		};
/* End PBXCopyFilesBuildPhase section */

/* Begin PBXFileReference section */
		9BED84361E3DD86B007D19A6 /* Panagram */ = {isa = PBXFileReference; explicitFileType = "compiled.mach-o.executable"; includeInIndex = 0; path = Panagram; sourceTree = BUILT_PRODUCTS_DIR; };
		9BED84391E3DD86B007D19A6 /* main.swift */ = {isa = PBXFileReference; lastKnownFileType = sourcecode.swift; path = main.swift; sourceTree = "<group>"; };
		9BED84401E3DD8CC007D19A6 /* ConsoleIO.swift */ = {isa = PBXFileReference; fileEncoding = 4; lastKnownFileType = sourcecode.swift; path = ConsoleIO.swift; sourceTree = "<group>"; };
		9BED84421E3DD9FB007D19A6 /* Panagram.swift */ = {isa = PBXFileReference; fileEncoding = 4; lastKnownFileType = sourcecode.swift; path = Panagram.swift; sourceTree = SOURCE_ROOT; };
		9BED84441E3DDF52007D19A6 /* StringExtension.swift */ = {isa = PBXFileReference; fileEncoding = 4; lastKnownFileType = sourcecode.swift; path = StringExtension.swift; sourceTree = "<group>"; };
/* End PBXFileReference section */

/* Begin PBXFrameworksBuildPhase section */
		9BED84331E3DD86B007D19A6 /* Frameworks */ = {
			isa = PBXFrameworksBuildPhase;
			buildActionMask = 2147483647;
			files = (
			);
			runOnlyForDeploymentPostprocessing = 0;
		};
/* End PBXFrameworksBuildPhase section */

/* Begin PBXGroup section */
		9BED842D1E3DD86B007D19A6 = {
			isa = PBXGroup;
			children = (
				9BED84381E3DD86B007D19A6 /* Panagram */,
				9BED84371E3DD86B007D19A6 /* Products */,
			);
			sourceTree = "<group>";
		};
		9BED84371E3DD86B007D19A6 /* Products */ = {
			isa = PBXGroup;
			children = (
				9BED84361E3DD86B007D19A6 /* Panagram */,
			);
			name = Products;
			sourceTree = "<group>";
		};
		9BED84381E3DD86B007D19A6 /* Panagram */ = {
			isa = PBXGroup;
			children = (
				9BED84421E3DD9FB007D19A6 /* Panagram.swift */,
				9BED84391E3DD86B007D19A6 /* main.swift */,
				9BED84441E3DDF52007D19A6 /* StringExtension.swift */,
				9BED84401E3DD8CC007D19A6 /* ConsoleIO.swift */,
			);
			path = Panagram;
			sourceTree = "<group>";
		};
/* End PBXGroup section */

/* Begin PBXNativeTarget section */
		9BED84351E3DD86B007D19A6 /* Panagram */ = {
			isa = PBXNativeTarget;
			buildConfigurationList = 9BED843D1E3DD86B007D19A6 /* Build configuration list for PBXNativeTarget "Panagram" */;
			buildPhases = (
				9BED84321E3DD86B007D19A6 /* Sources */,
				9BED84331E3DD86B007D19A6 /* Frameworks */,
				9BED84341E3DD86B007D19A6 /* CopyFiles */,
			);
			buildRules = (
			);
			dependencies = (
			);
			name = Panagram;
			productName = Panagram;
			productReference = 9BED84361E3DD86B007D19A6 /* Panagram */;
			productType = "com.apple.product-type.tool";
		};
/* End PBXNativeTarget section */

/* Begin PBXProject section */
		9BED842E1E3DD86B007D19A6 /* Project object */ = {
			isa = PBXProject;
			attributes = {
				LastSwiftUpdateCheck = 0820;
				LastUpgradeCheck = 0820;
				ORGANIZATIONNAME = "Cody Fazio";
				TargetAttributes = {
					9BED84351E3DD86B007D19A6 = {
						CreatedOnToolsVersion = 8.2.1;
						DevelopmentTeam = K4X5878K44;
						ProvisioningStyle = Automatic;
					};
				};
			};
			buildConfigurationList = 9BED84311E3DD86B007D19A6 /* Build configuration list for PBXProject "Panagram" */;
			compatibilityVersion = "Xcode 3.2";
			developmentRegion = English;
			hasScannedForEncodings = 0;
			knownRegions = (
				en,
			);
			mainGroup = 9BED842D1E3DD86B007D19A6;
			productRefGroup = 9BED84371E3DD86B007D19A6 /* Products */;
			projectDirPath = "";
			projectRoot = "";
			targets = (
				9BED84351E3DD86B007D19A6 /* Panagram */,
			);
		};
/* End PBXProject section */

/* Begin PBXSourcesBuildPhase section */
		9BED84321E3DD86B007D19A6 /* Sources */ = {
			isa = PBXSourcesBuildPhase;
			buildActionMask = 2147483647;
			files = (
				9BED84451E3DDF52007D19A6 /* StringExtension.swift in Sources */,
				9BED843A1E3DD86B007D19A6 /* main.swift in Sources */,
				9BED84411E3DD8CC007D19A6 /* ConsoleIO.swift in Sources */,
				9BED84431E3DD9FB007D19A6 /* Panagram.swift in Sources */,
			);
			runOnlyForDeploymentPostprocessing = 0;
		};
/* End PBXSourcesBuildPhase section */

/* Begin XCBuildConfiguration section */
		9BED843B1E3DD86B007D19A6 /* Debug */ = {
			isa = XCBuildConfiguration;
			buildSettings = {
				ALWAYS_SEARCH_USER_PATHS = NO;
				CLANG_ANALYZER_NONNULL = YES;
				CLANG_CXX_LANGUAGE_STANDARD = "gnu++0x";
				CLANG_CXX_LIBRARY = "libc++";
				CLANG_ENABLE_MODULES = YES;
				CLANG_ENABLE_OBJC_ARC = YES;
				CLANG_WARN_BOOL_CONVERSION = YES;
				CLANG_WARN_CONSTANT_CONVERSION = YES;
				CLANG_WARN_DIRECT_OBJC_ISA_USAGE = YES_ERROR;
				CLANG_WARN_DOCUMENTATION_COMMENTS = YES;
				CLANG_WARN_EMPTY_BODY = YES;
				CLANG_WARN_ENUM_CONVERSION = YES;
				CLANG_WARN_INFINITE_RECURSION = YES;
				CLANG_WARN_INT_CONVERSION = YES;
				CLANG_WARN_OBJC_ROOT_CLASS = YES_ERROR;
				CLANG_WARN_SUSPICIOUS_MOVE = YES;
				CLANG_WARN_UNREACHABLE_CODE = YES;
				CLANG_WARN__DUPLICATE_METHOD_MATCH = YES;
				CODE_SIGN_IDENTITY = "-";
				COPY_PHASE_STRIP = NO;
				DEBUG_INFORMATION_FORMAT = dwarf;
				ENABLE_STRICT_OBJC_MSGSEND = YES;
				ENABLE_TESTABILITY = YES;
				GCC_C_LANGUAGE_STANDARD = gnu99;
				GCC_DYNAMIC_NO_PIC = NO;
				GCC_NO_COMMON_BLOCKS = YES;
				GCC_OPTIMIZATION_LEVEL = 0;
				GCC_PREPROCESSOR_DEFINITIONS = (
					"DEBUG=1",
					"$(inherited)",
				);
				GCC_WARN_64_TO_32_BIT_CONVERSION = YES;
				GCC_WARN_ABOUT_RETURN_TYPE = YES_ERROR;
				GCC_WARN_UNDECLARED_SELECTOR = YES;
				GCC_WARN_UNINITIALIZED_AUTOS = YES_AGGRESSIVE;
				GCC_WARN_UNUSED_FUNCTION = YES;
				GCC_WARN_UNUSED_VARIABLE = YES;
				MACOSX_DEPLOYMENT_TARGET = 10.12;
				MTL_ENABLE_DEBUG_INFO = YES;
				ONLY_ACTIVE_ARCH = YES;
				SDKROOT = macosx;
				SWIFT_OPTIMIZATION_LEVEL = "-Onone";
			};
			name = Debug;
		};
		9BED843C1E3DD86B007D19A6 /* Release */ = {
			isa = XCBuildConfiguration;
			buildSettings = {
				ALWAYS_SEARCH_USER_PATHS = NO;
				CLANG_ANALYZER_NONNULL = YES;
				CLANG_CXX_LANGUAGE_STANDARD = "gnu++0x";
				CLANG_CXX_LIBRARY = "libc++";
				CLANG_ENABLE_MODULES = YES;
				CLANG_ENABLE_OBJC_ARC = YES;
				CLANG_WARN_BOOL_CONVERSION = YES;
				CLANG_WARN_CONSTANT_CONVERSION = YES;
				CLANG_WARN_DIRECT_OBJC_ISA_USAGE = YES_ERROR;
				CLANG_WARN_DOCUMENTATION_COMMENTS = YES;
				CLANG_WARN_EMPTY_BODY = YES;
				CLANG_WARN_ENUM_CONVERSION = YES;
				CLANG_WARN_INFINITE_RECURSION = YES;
				CLANG_WARN_INT_CONVERSION = YES;
				CLANG_WARN_OBJC_ROOT_CLASS = YES_ERROR;
				CLANG_WARN_SUSPICIOUS_MOVE = YES;
				CLANG_WARN_UNREACHABLE_CODE = YES;
				CLANG_WARN__DUPLICATE_METHOD_MATCH = YES;
				CODE_SIGN_IDENTITY = "-";
				COPY_PHASE_STRIP = NO;
				DEBUG_INFORMATION_FORMAT = "dwarf-with-dsym";
				ENABLE_NS_ASSERTIONS = NO;
				ENABLE_STRICT_OBJC_MSGSEND = YES;
				GCC_C_LANGUAGE_STANDARD = gnu99;
				GCC_NO_COMMON_BLOCKS = YES;
				GCC_WARN_64_TO_32_BIT_CONVERSION = YES;
				GCC_WARN_ABOUT_RETURN_TYPE = YES_ERROR;
				GCC_WARN_UNDECLARED_SELECTOR = YES;
				GCC_WARN_UNINITIALIZED_AUTOS = YES_AGGRESSIVE;
				GCC_WARN_UNUSED_FUNCTION = YES;
				GCC_WARN_UNUSED_VARIABLE = YES;
				MACOSX_DEPLOYMENT_TARGET = 10.12;
				MTL_ENABLE_DEBUG_INFO = NO;
				SDKROOT = macosx;
			};
			name = Release;
		};
		9BED843E1E3DD86B007D19A6 /* Debug */ = {
			isa = XCBuildConfiguration;
			buildSettings = {
				DEVELOPMENT_TEAM = K4X5878K44;
				PRODUCT_NAME = "$(TARGET_NAME)";
				SWIFT_VERSION = 3.0;
			};
			name = Debug;
		};
		9BED843F1E3DD86B007D19A6 /* Release */ = {
			isa = XCBuildConfiguration;
			buildSettings = {
				DEVELOPMENT_TEAM = K4X5878K44;
				PRODUCT_NAME = "$(TARGET_NAME)";
				SWIFT_VERSION = 3.0;
			};
			name = Release;
		};
/* End XCBuildConfiguration section */

/* Begin XCConfigurationList section */
		9BED84311E3DD86B007D19A6 /* Build configuration list for PBXProject "Panagram" */ = {
			isa = XCConfigurationList;
			buildConfigurations = (
				9BED843B1E3DD86B007D19A6 /* Debug */,
				9BED843C1E3DD86B007D19A6 /* Release */,
			);
			defaultConfigurationIsVisible = 0;
			defaultConfigurationName = Release;
		};
		9BED843D1E3DD86B007D19A6 /* Build configuration list for PBXNativeTarget "Panagram" */ = {
			isa = XCConfigurationList;
			buildConfigurations = (
				9BED843E1E3DD86B007D19A6 /* Debug */,
				9BED843F1E3DD86B007D19A6 /* Release */,
			);
			defaultConfigurationIsVisible = 0;
		};
/* End XCConfigurationList section */
	};
	rootObject = 9BED842E1E3DD86B007D19A6 /* Project object */;
}
